<?xml version="1.0" encoding="utf-8"?>
<Project ToolsVersion="4.0" xmlns="http://schemas.microsoft.com/developer/msbuild/2003">
  <ItemGroup>
    <Filter Include="Zdrojové soubory">
      <UniqueIdentifier>{4FC737F1-C7A5-4376-A066-2A32D752A2FF}</UniqueIdentifier>
      <Extensions>cpp;c;cc;cxx;def;odl;idl;hpj;bat;asm;asmx</Extensions>
    </Filter>
    <Filter Include="Hlavičkové soubory">
      <UniqueIdentifier>{93995380-89BD-4b04-88EB-625FBE52EBFB}</UniqueIdentifier>
      <Extensions>h;hh;hpp;hxx;hm;inl;inc;ipp;xsd</Extensions>
    </Filter>
    <Filter Include="Soubory zdrojů">
      <UniqueIdentifier>{67DA6AB6-F800-4c08-8B7A-83BB121AAD01}</UniqueIdentifier>
      <Extensions>rc;ico;cur;bmp;dlg;rc2;rct;bin;rgs;gif;jpg;jpeg;jpe;resx;tiff;tif;png;wav;mfcribbon-ms</Extensions>
    </Filter>
    <Filter Include="Zdrojové soubory\Raytracer">
      <UniqueIdentifier>{1eece4be-d426-4c2d-975d-aae338f5d245}</UniqueIdentifier>
    </Filter>
    <Filter Include="Zdrojové soubory\Math">
      <UniqueIdentifier>{e5b44875-7df0-44c6-8cf4-2a333047e627}</UniqueIdentifier>
    </Filter>
    <Filter Include="Zdrojové soubory\Application">
      <UniqueIdentifier>{ed995d82-d37e-4b6d-a2ac-ad7c2cdd6f00}</UniqueIdentifier>
    </Filter>
  </ItemGroup>
  <ItemGroup>
    <ClCompile Include="Raytracer\Raytracer.cpp">
      <Filter>Zdrojové soubory\Raytracer</Filter>
    </ClCompile>
    <ClCompile Include="Math\Math.cpp">
      <Filter>Zdrojové soubory\Math</Filter>
    </ClCompile>
    <ClCompile Include="Raytracer\Framebuffer.cpp">
      <Filter>Zdrojové soubory\Raytracer</Filter>
    </ClCompile>
    <ClCompile Include="Raytracer\Camera.cpp">
      <Filter>Zdrojové soubory\Raytracer</Filter>
    </ClCompile>
    <ClCompile Include="Raytracer\Primitives.cpp">
      <Filter>Zdrojové soubory\Raytracer</Filter>
    </ClCompile>
    <ClCompile Include="Application\WinMain.cpp">
      <Filter>Zdrojové soubory\Application</Filter>
    </ClCompile>
    <ClCompile Include="Application\Sample.cpp">
      <Filter>Zdrojové soubory\Application</Filter>
    </ClCompile>
  </ItemGroup>
  <ItemGroup>
    <ClInclude Include="Raytracer\Raytracer.h">
      <Filter>Zdrojové soubory\Raytracer</Filter>
    </ClInclude>
    <ClInclude Include="Math\Math.h">
      <Filter>Zdrojové soubory\Math</Filter>
    </ClInclude>
    <ClInclude Include="Math\Matrix.h">
      <Filter>Zdrojové soubory\Math</Filter>
    </ClInclude>
    <ClInclude Include="Math\Vector.h">
      <Filter>Zdrojové soubory\Math</Filter>
    </ClInclude>
    <ClInclude Include="Math\Ray.h">
      <Filter>Zdrojové soubory\Math</Filter>
    </ClInclude>
    <ClInclude Include="Math\Plane.h">
      <Filter>Zdrojové soubory\Math</Filter>
    </ClInclude>
    <ClInclude Include="Raytracer\Framebuffer.h">
      <Filter>Zdrojové soubory\Raytracer</Filter>
    </ClInclude>
    <ClInclude Include="Raytracer\Camera.h">
      <Filter>Zdrojové soubory\Raytracer</Filter>
    </ClInclude>
    <ClInclude Include="Raytracer\Primitives.h">
      <Filter>Zdrojové soubory\Raytracer</Filter>
    </ClInclude>
    <ClInclude Include="Application\Sample.h">
      <Filter>Zdrojové soubory\Application</Filter>
    </ClInclude>
  </ItemGroup>
  <ItemGroup>
    <None Include="Math\Matrix.inl">
      <Filter>Zdrojové soubory\Math</Filter>
    </None>
    <None Include="Math\Vector.inl">
      <Filter>Zdrojové soubory\Math</Filter>
    </None>
  </ItemGroup>
</Project>